// !$*UTF8*$!
{
	archiveVersion = 1;
	classes = {
	};
	objectVersion = 46;
	objects = {

/* Begin PBXBuildFile section */
		0A5296621D21755E001C1024 /* GLSpecialButtonSubclass.m in Sources */ = {isa = PBXBuildFile; fileRef = 0A52965C1D21755E001C1024 /* GLSpecialButtonSubclass.m */; };
		0A5296651D2175DA001C1024 /* GLHomeViewController.m in Sources */ = {isa = PBXBuildFile; fileRef = 0A5296641D2175DA001C1024 /* GLHomeViewController.m */; };
		0A5296681D217651001C1024 /* GLMessageViewController.m in Sources */ = {isa = PBXBuildFile; fileRef = 0A5296671D217651001C1024 /* GLMessageViewController.m */; };
		0A5296761D2176CE001C1024 /* GLDiscoveryViewController.m in Sources */ = {isa = PBXBuildFile; fileRef = 0A5296751D2176CE001C1024 /* GLDiscoveryViewController.m */; };
		0A5296791D2176FB001C1024 /* GLPersonViewController.m in Sources */ = {isa = PBXBuildFile; fileRef = 0A5296781D2176FB001C1024 /* GLPersonViewController.m */; };
		0A52968C1D2178DD001C1024 /* UINavigationController+FDFullscreenPopGesture.m in Sources */ = {isa = PBXBuildFile; fileRef = 0A5296871D2178DD001C1024 /* UINavigationController+FDFullscreenPopGesture.m */; };
		0A52968D1D2178DD001C1024 /* leftside_shadow_bg@2x.png in Resources */ = {isa = PBXBuildFile; fileRef = 0A5296891D2178DD001C1024 /* leftside_shadow_bg@2x.png */; };
		0A52968E1D2178DD001C1024 /* MLNavigationController.m in Sources */ = {isa = PBXBuildFile; fileRef = 0A52968B1D2178DD001C1024 /* MLNavigationController.m */; };
		0A5296911D2179AB001C1024 /* GLHomeManagerViewController.m in Sources */ = {isa = PBXBuildFile; fileRef = 0A5296901D2179AB001C1024 /* GLHomeManagerViewController.m */; };
		0A5296951D217A1A001C1024 /* BaseViewController.m in Sources */ = {isa = PBXBuildFile; fileRef = 0A5296941D217A1A001C1024 /* BaseViewController.m */; };
		581864301D1CD1AD001E1CE3 /* GLTabBar.m in Sources */ = {isa = PBXBuildFile; fileRef = 5818642F1D1CD1AD001E1CE3 /* GLTabBar.m */; };
		581864371D1CD744001E1CE3 /* GLSpecialButton.m in Sources */ = {isa = PBXBuildFile; fileRef = 581864361D1CD744001E1CE3 /* GLSpecialButton.m */; };
		5847093E1D1A97540084B2DC /* AppDelegate+GLTabBarController.m in Sources */ = {isa = PBXBuildFile; fileRef = 5847093D1D1A97540084B2DC /* AppDelegate+GLTabBarController.m */; };
		5859B0F51D1A9053008ED422 /* AppDelegate.m in Sources */ = {isa = PBXBuildFile; fileRef = 5859B0E41D1A9053008ED422 /* AppDelegate.m */; };
		5859B0F61D1A9053008ED422 /* Assets.xcassets in Resources */ = {isa = PBXBuildFile; fileRef = 5859B0E51D1A9053008ED422 /* Assets.xcassets */; };
		5859B0F71D1A9053008ED422 /* LaunchScreen.storyboard in Resources */ = {isa = PBXBuildFile; fileRef = 5859B0E61D1A9053008ED422 /* LaunchScreen.storyboard */; };
		5859B0F81D1A9053008ED422 /* Main.storyboard in Resources */ = {isa = PBXBuildFile; fileRef = 5859B0E81D1A9053008ED422 /* Main.storyboard */; };
		5859B0FA1D1A9053008ED422 /* main.m in Sources */ = {isa = PBXBuildFile; fileRef = 5859B0EB1D1A9053008ED422 /* main.m */; };
		5859B1001D1A90E4008ED422 /* GLTabBarController.m in Sources */ = {isa = PBXBuildFile; fileRef = 5859B0FF1D1A90E4008ED422 /* GLTabBarController.m */; };
/* End PBXBuildFile section */

/* Begin PBXFileReference section */
		0A52965B1D21755E001C1024 /* GLSpecialButtonSubclass.h */ = {isa = PBXFileReference; fileEncoding = 4; lastKnownFileType = sourcecode.c.h; path = GLSpecialButtonSubclass.h; sourceTree = "<group>"; };
		0A52965C1D21755E001C1024 /* GLSpecialButtonSubclass.m */ = {isa = PBXFileReference; fileEncoding = 4; lastKnownFileType = sourcecode.c.objc; path = GLSpecialButtonSubclass.m; sourceTree = "<group>"; };
		0A5296631D2175DA001C1024 /* GLHomeViewController.h */ = {isa = PBXFileReference; fileEncoding = 4; lastKnownFileType = sourcecode.c.h; path = GLHomeViewController.h; sourceTree = "<group>"; };
		0A5296641D2175DA001C1024 /* GLHomeViewController.m */ = {isa = PBXFileReference; fileEncoding = 4; lastKnownFileType = sourcecode.c.objc; path = GLHomeViewController.m; sourceTree = "<group>"; };
		0A5296661D217651001C1024 /* GLMessageViewController.h */ = {isa = PBXFileReference; fileEncoding = 4; lastKnownFileType = sourcecode.c.h; path = GLMessageViewController.h; sourceTree = "<group>"; };
		0A5296671D217651001C1024 /* GLMessageViewController.m */ = {isa = PBXFileReference; fileEncoding = 4; lastKnownFileType = sourcecode.c.objc; path = GLMessageViewController.m; sourceTree = "<group>"; };
		0A5296741D2176CE001C1024 /* GLDiscoveryViewController.h */ = {isa = PBXFileReference; fileEncoding = 4; lastKnownFileType = sourcecode.c.h; path = GLDiscoveryViewController.h; sourceTree = "<group>"; };
		0A5296751D2176CE001C1024 /* GLDiscoveryViewController.m */ = {isa = PBXFileReference; fileEncoding = 4; lastKnownFileType = sourcecode.c.objc; path = GLDiscoveryViewController.m; sourceTree = "<group>"; };
		0A5296771D2176FB001C1024 /* GLPersonViewController.h */ = {isa = PBXFileReference; fileEncoding = 4; lastKnownFileType = sourcecode.c.h; path = GLPersonViewController.h; sourceTree = "<group>"; };
		0A5296781D2176FB001C1024 /* GLPersonViewController.m */ = {isa = PBXFileReference; fileEncoding = 4; lastKnownFileType = sourcecode.c.objc; path = GLPersonViewController.m; sourceTree = "<group>"; };
		0A5296861D2178DD001C1024 /* UINavigationController+FDFullscreenPopGesture.h */ = {isa = PBXFileReference; fileEncoding = 4; lastKnownFileType = sourcecode.c.h; path = "UINavigationController+FDFullscreenPopGesture.h"; sourceTree = "<group>"; };
		0A5296871D2178DD001C1024 /* UINavigationController+FDFullscreenPopGesture.m */ = {isa = PBXFileReference; fileEncoding = 4; lastKnownFileType = sourcecode.c.objc; path = "UINavigationController+FDFullscreenPopGesture.m"; sourceTree = "<group>"; };
		0A5296891D2178DD001C1024 /* leftside_shadow_bg@2x.png */ = {isa = PBXFileReference; lastKnownFileType = image.png; path = "leftside_shadow_bg@2x.png"; sourceTree = "<group>"; };
		0A52968A1D2178DD001C1024 /* MLNavigationController.h */ = {isa = PBXFileReference; fileEncoding = 4; lastKnownFileType = sourcecode.c.h; path = MLNavigationController.h; sourceTree = "<group>"; };
		0A52968B1D2178DD001C1024 /* MLNavigationController.m */ = {isa = PBXFileReference; fileEncoding = 4; lastKnownFileType = sourcecode.c.objc; path = MLNavigationController.m; sourceTree = "<group>"; };
		0A52968F1D2179AB001C1024 /* GLHomeManagerViewController.h */ = {isa = PBXFileReference; fileEncoding = 4; lastKnownFileType = sourcecode.c.h; path = GLHomeManagerViewController.h; sourceTree = "<group>"; };
		0A5296901D2179AB001C1024 /* GLHomeManagerViewController.m */ = {isa = PBXFileReference; fileEncoding = 4; lastKnownFileType = sourcecode.c.objc; path = GLHomeManagerViewController.m; sourceTree = "<group>"; };
		0A5296931D217A1A001C1024 /* BaseViewController.h */ = {isa = PBXFileReference; fileEncoding = 4; lastKnownFileType = sourcecode.c.h; path = BaseViewController.h; sourceTree = "<group>"; };
		0A5296941D217A1A001C1024 /* BaseViewController.m */ = {isa = PBXFileReference; fileEncoding = 4; lastKnownFileType = sourcecode.c.objc; path = BaseViewController.m; sourceTree = "<group>"; };
		0A5296961D217A78001C1024 /* PrefixHeader.pch */ = {isa = PBXFileReference; lastKnownFileType = sourcecode.c.h; path = PrefixHeader.pch; sourceTree = "<group>"; };
		5818642E1D1CD1AD001E1CE3 /* GLTabBar.h */ = {isa = PBXFileReference; fileEncoding = 4; lastKnownFileType = sourcecode.c.h; path = GLTabBar.h; sourceTree = "<group>"; };
		5818642F1D1CD1AD001E1CE3 /* GLTabBar.m */ = {isa = PBXFileReference; fileEncoding = 4; lastKnownFileType = sourcecode.c.objc; path = GLTabBar.m; sourceTree = "<group>"; };
		581864351D1CD744001E1CE3 /* GLSpecialButton.h */ = {isa = PBXFileReference; fileEncoding = 4; lastKnownFileType = sourcecode.c.h; path = GLSpecialButton.h; sourceTree = "<group>"; };
		581864361D1CD744001E1CE3 /* GLSpecialButton.m */ = {isa = PBXFileReference; fileEncoding = 4; lastKnownFileType = sourcecode.c.objc; path = GLSpecialButton.m; sourceTree = "<group>"; };
		581864381D1CD9F7001E1CE3 /* GLSpecialButtonProtocol.h */ = {isa = PBXFileReference; fileEncoding = 4; lastKnownFileType = sourcecode.c.h; path = GLSpecialButtonProtocol.h; sourceTree = "<group>"; };
		5847093C1D1A97540084B2DC /* AppDelegate+GLTabBarController.h */ = {isa = PBXFileReference; fileEncoding = 4; lastKnownFileType = sourcecode.c.h; path = "AppDelegate+GLTabBarController.h"; sourceTree = "<group>"; };
		5847093D1D1A97540084B2DC /* AppDelegate+GLTabBarController.m */ = {isa = PBXFileReference; fileEncoding = 4; lastKnownFileType = sourcecode.c.objc; path = "AppDelegate+GLTabBarController.m"; sourceTree = "<group>"; };
		5859B0BC1D1A8F33008ED422 /* GLNavigationArchitectureSet.app */ = {isa = PBXFileReference; explicitFileType = wrapper.application; includeInIndex = 0; path = GLNavigationArchitectureSet.app; sourceTree = BUILT_PRODUCTS_DIR; };
		5859B0E31D1A9053008ED422 /* AppDelegate.h */ = {isa = PBXFileReference; fileEncoding = 4; lastKnownFileType = sourcecode.c.h; path = AppDelegate.h; sourceTree = "<group>"; };
		5859B0E41D1A9053008ED422 /* AppDelegate.m */ = {isa = PBXFileReference; fileEncoding = 4; lastKnownFileType = sourcecode.c.objc; path = AppDelegate.m; sourceTree = "<group>"; };
		5859B0E51D1A9053008ED422 /* Assets.xcassets */ = {isa = PBXFileReference; lastKnownFileType = folder.assetcatalog; path = Assets.xcassets; sourceTree = "<group>"; };
		5859B0E71D1A9053008ED422 /* Base */ = {isa = PBXFileReference; lastKnownFileType = file.storyboard; name = Base; path = Base.lproj/LaunchScreen.storyboard; sourceTree = "<group>"; };
		5859B0E91D1A9053008ED422 /* Base */ = {isa = PBXFileReference; lastKnownFileType = file.storyboard; name = Base; path = Base.lproj/Main.storyboard; sourceTree = "<group>"; };
		5859B0EA1D1A9053008ED422 /* Info.plist */ = {isa = PBXFileReference; fileEncoding = 4; lastKnownFileType = text.plist.xml; path = Info.plist; sourceTree = "<group>"; };
		5859B0EB1D1A9053008ED422 /* main.m */ = {isa = PBXFileReference; fileEncoding = 4; lastKnownFileType = sourcecode.c.objc; path = main.m; sourceTree = "<group>"; };
		5859B0FE1D1A90E4008ED422 /* GLTabBarController.h */ = {isa = PBXFileReference; fileEncoding = 4; lastKnownFileType = sourcecode.c.h; path = GLTabBarController.h; sourceTree = "<group>"; };
		5859B0FF1D1A90E4008ED422 /* GLTabBarController.m */ = {isa = PBXFileReference; fileEncoding = 4; lastKnownFileType = sourcecode.c.objc; path = GLTabBarController.m; sourceTree = "<group>"; };
/* End PBXFileReference section */

/* Begin PBXFrameworksBuildPhase section */
		5859B0B91D1A8F33008ED422 /* Frameworks */ = {
			isa = PBXFrameworksBuildPhase;
			buildActionMask = 2147483647;
			files = (
			);
			runOnlyForDeploymentPostprocessing = 0;
		};
/* End PBXFrameworksBuildPhase section */

/* Begin PBXGroup section */
		0A52964A1D21755E001C1024 /* Classes */ = {
			isa = PBXGroup;
			children = (
				0A52964B1D21755E001C1024 /* Module */,
				0A52965A1D21755E001C1024 /* View */,
			);
			path = Classes;
			sourceTree = "<group>";
		};
		0A52964B1D21755E001C1024 /* Module */ = {
			isa = PBXGroup;
			children = (
				0A5296921D217A0D001C1024 /* Base */,
				0A52964C1D21755E001C1024 /* Home */,
				0A52964F1D21755E001C1024 /* Message */,
				0A5296691D2176A7001C1024 /* Discovery */,
				0A52966C1D2176A7001C1024 /* My */,
			);
			path = Module;
			sourceTree = "<group>";
		};
		0A52964C1D21755E001C1024 /* Home */ = {
			isa = PBXGroup;
			children = (
				0A5296631D2175DA001C1024 /* GLHomeViewController.h */,
				0A5296641D2175DA001C1024 /* GLHomeViewController.m */,
				0A52968F1D2179AB001C1024 /* GLHomeManagerViewController.h */,
				0A5296901D2179AB001C1024 /* GLHomeManagerViewController.m */,
			);
			path = Home;
			sourceTree = "<group>";
		};
		0A52964F1D21755E001C1024 /* Message */ = {
			isa = PBXGroup;
			children = (
				0A5296661D217651001C1024 /* GLMessageViewController.h */,
				0A5296671D217651001C1024 /* GLMessageViewController.m */,
			);
			path = Message;
			sourceTree = "<group>";
		};
		0A52965A1D21755E001C1024 /* View */ = {
			isa = PBXGroup;
			children = (
				0A52965B1D21755E001C1024 /* GLSpecialButtonSubclass.h */,
				0A52965C1D21755E001C1024 /* GLSpecialButtonSubclass.m */,
			);
			path = View;
			sourceTree = "<group>";
		};
		0A5296691D2176A7001C1024 /* Discovery */ = {
			isa = PBXGroup;
			children = (
				0A5296741D2176CE001C1024 /* GLDiscoveryViewController.h */,
				0A5296751D2176CE001C1024 /* GLDiscoveryViewController.m */,
			);
			path = Discovery;
			sourceTree = "<group>";
		};
		0A52966C1D2176A7001C1024 /* My */ = {
			isa = PBXGroup;
			children = (
				0A5296771D2176FB001C1024 /* GLPersonViewController.h */,
				0A5296781D2176FB001C1024 /* GLPersonViewController.m */,
			);
			path = My;
			sourceTree = "<group>";
		};
		0A5296851D2178DD001C1024 /* FDFullscreenPopGesture */ = {
			isa = PBXGroup;
			children = (
				0A5296861D2178DD001C1024 /* UINavigationController+FDFullscreenPopGesture.h */,
				0A5296871D2178DD001C1024 /* UINavigationController+FDFullscreenPopGesture.m */,
			);
			path = FDFullscreenPopGesture;
			sourceTree = "<group>";
		};
		0A5296881D2178DD001C1024 /* MLLayerNavigation */ = {
			isa = PBXGroup;
			children = (
				0A5296891D2178DD001C1024 /* leftside_shadow_bg@2x.png */,
				0A52968A1D2178DD001C1024 /* MLNavigationController.h */,
				0A52968B1D2178DD001C1024 /* MLNavigationController.m */,
			);
			path = MLLayerNavigation;
			sourceTree = "<group>";
		};
		0A5296921D217A0D001C1024 /* Base */ = {
			isa = PBXGroup;
			children = (
				0A5296931D217A1A001C1024 /* BaseViewController.h */,
				0A5296941D217A1A001C1024 /* BaseViewController.m */,
			);
			name = Base;
			sourceTree = "<group>";
		};
		5859B0B31D1A8F33008ED422 = {
			isa = PBXGroup;
			children = (
				5859B0D61D1A9053008ED422 /* GLNavigationArchitectureSet */,
				5859B0E21D1A9053008ED422 /* GLNavigationArchitectureSetDemo */,
				5859B0BD1D1A8F33008ED422 /* Products */,
			);
			sourceTree = "<group>";
		};
		5859B0BD1D1A8F33008ED422 /* Products */ = {
			isa = PBXGroup;
			children = (
				5859B0BC1D1A8F33008ED422 /* GLNavigationArchitectureSet.app */,
			);
			name = Products;
			sourceTree = "<group>";
		};
		5859B0D61D1A9053008ED422 /* GLNavigationArchitectureSet */ = {
			isa = PBXGroup;
			children = (
				5859B0FD1D1A90C5008ED422 /* GLTabBarController */,
				5859B0FC1D1A90C5008ED422 /* GLNavigationController */,
			);
			path = GLNavigationArchitectureSet;
			sourceTree = "<group>";
		};
		5859B0E21D1A9053008ED422 /* GLNavigationArchitectureSetDemo */ = {
			isa = PBXGroup;
			children = (
				5859B0E31D1A9053008ED422 /* AppDelegate.h */,
				5859B0E41D1A9053008ED422 /* AppDelegate.m */,
				5847093C1D1A97540084B2DC /* AppDelegate+GLTabBarController.h */,
				5847093D1D1A97540084B2DC /* AppDelegate+GLTabBarController.m */,
				0A52964A1D21755E001C1024 /* Classes */,
				5859B0E51D1A9053008ED422 /* Assets.xcassets */,
				5859B0E61D1A9053008ED422 /* LaunchScreen.storyboard */,
				5859B0E81D1A9053008ED422 /* Main.storyboard */,
				5859B0EA1D1A9053008ED422 /* Info.plist */,
				0A5296961D217A78001C1024 /* PrefixHeader.pch */,
				5859B0EB1D1A9053008ED422 /* main.m */,
			);
			path = GLNavigationArchitectureSetDemo;
			sourceTree = "<group>";
		};
		5859B0FC1D1A90C5008ED422 /* GLNavigationController */ = {
			isa = PBXGroup;
			children = (
				0A5296851D2178DD001C1024 /* FDFullscreenPopGesture */,
				0A5296881D2178DD001C1024 /* MLLayerNavigation */,
			);
			path = GLNavigationController;
			sourceTree = "<group>";
		};
		5859B0FD1D1A90C5008ED422 /* GLTabBarController */ = {
			isa = PBXGroup;
			children = (
				5859B0FE1D1A90E4008ED422 /* GLTabBarController.h */,
				5859B0FF1D1A90E4008ED422 /* GLTabBarController.m */,
				5818642E1D1CD1AD001E1CE3 /* GLTabBar.h */,
				5818642F1D1CD1AD001E1CE3 /* GLTabBar.m */,
				581864351D1CD744001E1CE3 /* GLSpecialButton.h */,
				581864361D1CD744001E1CE3 /* GLSpecialButton.m */,
				581864381D1CD9F7001E1CE3 /* GLSpecialButtonProtocol.h */,
			);
			path = GLTabBarController;
			sourceTree = "<group>";
		};
/* End PBXGroup section */

/* Begin PBXNativeTarget section */
		5859B0BB1D1A8F33008ED422 /* GLNavigationArchitectureSet */ = {
			isa = PBXNativeTarget;
			buildConfigurationList = 5859B0D31D1A8F33008ED422 /* Build configuration list for PBXNativeTarget "GLNavigationArchitectureSet" */;
			buildPhases = (
				5859B0B81D1A8F33008ED422 /* Sources */,
				5859B0B91D1A8F33008ED422 /* Frameworks */,
				5859B0BA1D1A8F33008ED422 /* Resources */,
			);
			buildRules = (
			);
			dependencies = (
			);
			name = GLNavigationArchitectureSet;
			productName = GLNavigationArchitectureSet;
			productReference = 5859B0BC1D1A8F33008ED422 /* GLNavigationArchitectureSet.app */;
			productType = "com.apple.product-type.application";
		};
/* End PBXNativeTarget section */

/* Begin PBXProject section */
		5859B0B41D1A8F33008ED422 /* Project object */ = {
			isa = PBXProject;
			attributes = {
				LastUpgradeCheck = 0730;
				ORGANIZATIONNAME = ZK;
				TargetAttributes = {
					5859B0BB1D1A8F33008ED422 = {
						CreatedOnToolsVersion = 7.3;
					};
				};
			};
			buildConfigurationList = 5859B0B71D1A8F33008ED422 /* Build configuration list for PBXProject "GLNavigationArchitectureSet" */;
			compatibilityVersion = "Xcode 3.2";
			developmentRegion = English;
			hasScannedForEncodings = 0;
			knownRegions = (
				en,
				Base,
			);
			mainGroup = 5859B0B31D1A8F33008ED422;
			productRefGroup = 5859B0BD1D1A8F33008ED422 /* Products */;
			projectDirPath = "";
			projectRoot = "";
			targets = (
				5859B0BB1D1A8F33008ED422 /* GLNavigationArchitectureSet */,
			);
		};
/* End PBXProject section */

/* Begin PBXResourcesBuildPhase section */
		5859B0BA1D1A8F33008ED422 /* Resources */ = {
			isa = PBXResourcesBuildPhase;
			buildActionMask = 2147483647;
			files = (
				5859B0F81D1A9053008ED422 /* Main.storyboard in Resources */,
				5859B0F71D1A9053008ED422 /* LaunchScreen.storyboard in Resources */,
				5859B0F61D1A9053008ED422 /* Assets.xcassets in Resources */,
				0A52968D1D2178DD001C1024 /* leftside_shadow_bg@2x.png in Resources */,
			);
			runOnlyForDeploymentPostprocessing = 0;
		};
/* End PBXResourcesBuildPhase section */

/* Begin PBXSourcesBuildPhase section */
		5859B0B81D1A8F33008ED422 /* Sources */ = {
			isa = PBXSourcesBuildPhase;
			buildActionMask = 2147483647;
			files = (
				0A5296761D2176CE001C1024 /* GLDiscoveryViewController.m in Sources */,
				0A5296951D217A1A001C1024 /* BaseViewController.m in Sources */,
				0A5296621D21755E001C1024 /* GLSpecialButtonSubclass.m in Sources */,
				0A5296681D217651001C1024 /* GLMessageViewController.m in Sources */,
				0A5296791D2176FB001C1024 /* GLPersonViewController.m in Sources */,
				5859B0FA1D1A9053008ED422 /* main.m in Sources */,
				581864301D1CD1AD001E1CE3 /* GLTabBar.m in Sources */,
				0A52968C1D2178DD001C1024 /* UINavigationController+FDFullscreenPopGesture.m in Sources */,
				0A5296651D2175DA001C1024 /* GLHomeViewController.m in Sources */,
				5859B1001D1A90E4008ED422 /* GLTabBarController.m in Sources */,
				0A52968E1D2178DD001C1024 /* MLNavigationController.m in Sources */,
				0A5296911D2179AB001C1024 /* GLHomeManagerViewController.m in Sources */,
				5847093E1D1A97540084B2DC /* AppDelegate+GLTabBarController.m in Sources */,
				581864371D1CD744001E1CE3 /* GLSpecialButton.m in Sources */,
				5859B0F51D1A9053008ED422 /* AppDelegate.m in Sources */,
			);
			runOnlyForDeploymentPostprocessing = 0;
		};
/* End PBXSourcesBuildPhase section */

/* Begin PBXVariantGroup section */
		5859B0E61D1A9053008ED422 /* LaunchScreen.storyboard */ = {
			isa = PBXVariantGroup;
			children = (
				5859B0E71D1A9053008ED422 /* Base */,
			);
			name = LaunchScreen.storyboard;
			sourceTree = "<group>";
		};
		5859B0E81D1A9053008ED422 /* Main.storyboard */ = {
			isa = PBXVariantGroup;
			children = (
				5859B0E91D1A9053008ED422 /* Base */,
			);
			name = Main.storyboard;
			sourceTree = "<group>";
		};
/* End PBXVariantGroup section */

/* Begin XCBuildConfiguration section */
		5859B0D11D1A8F33008ED422 /* Debug */ = {
			isa = XCBuildConfiguration;
			buildSettings = {
				ALWAYS_SEARCH_USER_PATHS = NO;
				CLANG_ANALYZER_NONNULL = YES;
				CLANG_CXX_LANGUAGE_STANDARD = "gnu++0x";
				CLANG_CXX_LIBRARY = "libc++";
				CLANG_ENABLE_MODULES = YES;
				CLANG_ENABLE_OBJC_ARC = YES;
				CLANG_WARN_BOOL_CONVERSION = YES;
				CLANG_WARN_CONSTANT_CONVERSION = YES;
				CLANG_WARN_DIRECT_OBJC_ISA_USAGE = YES_ERROR;
				CLANG_WARN_EMPTY_BODY = YES;
				CLANG_WARN_ENUM_CONVERSION = YES;
				CLANG_WARN_INT_CONVERSION = YES;
				CLANG_WARN_OBJC_ROOT_CLASS = YES_ERROR;
				CLANG_WARN_UNREACHABLE_CODE = YES;
				CLANG_WARN__DUPLICATE_METHOD_MATCH = YES;
				"CODE_SIGN_IDENTITY[sdk=iphoneos*]" = "iPhone Developer";
				COPY_PHASE_STRIP = NO;
				DEBUG_INFORMATION_FORMAT = dwarf;
				ENABLE_STRICT_OBJC_MSGSEND = YES;
				ENABLE_TESTABILITY = YES;
				GCC_C_LANGUAGE_STANDARD = gnu99;
				GCC_DYNAMIC_NO_PIC = NO;
				GCC_NO_COMMON_BLOCKS = YES;
				GCC_OPTIMIZATION_LEVEL = 0;
				GCC_PREPROCESSOR_DEFINITIONS = (
					"DEBUG=1",
					"$(inherited)",
				);
				GCC_WARN_64_TO_32_BIT_CONVERSION = YES;
				GCC_WARN_ABOUT_RETURN_TYPE = YES_ERROR;
				GCC_WARN_UNDECLARED_SELECTOR = YES;
				GCC_WARN_UNINITIALIZED_AUTOS = YES_AGGRESSIVE;
				GCC_WARN_UNUSED_FUNCTION = YES;
				GCC_WARN_UNUSED_VARIABLE = YES;
				IPHONEOS_DEPLOYMENT_TARGET = 9.3;
				MTL_ENABLE_DEBUG_INFO = YES;
				ONLY_ACTIVE_ARCH = YES;
				SDKROOT = iphoneos;
			};
			name = Debug;
		};
		5859B0D21D1A8F33008ED422 /* Release */ = {
			isa = XCBuildConfiguration;
			buildSettings = {
				ALWAYS_SEARCH_USER_PATHS = NO;
				CLANG_ANALYZER_NONNULL = YES;
				CLANG_CXX_LANGUAGE_STANDARD = "gnu++0x";
				CLANG_CXX_LIBRARY = "libc++";
				CLANG_ENABLE_MODULES = YES;
				CLANG_ENABLE_OBJC_ARC = YES;
				CLANG_WARN_BOOL_CONVERSION = YES;
				CLANG_WARN_CONSTANT_CONVERSION = YES;
				CLANG_WARN_DIRECT_OBJC_ISA_USAGE = YES_ERROR;
				CLANG_WARN_EMPTY_BODY = YES;
				CLANG_WARN_ENUM_CONVERSION = YES;
				CLANG_WARN_INT_CONVERSION = YES;
				CLANG_WARN_OBJC_ROOT_CLASS = YES_ERROR;
				CLANG_WARN_UNREACHABLE_CODE = YES;
				CLANG_WARN__DUPLICATE_METHOD_MATCH = YES;
				"CODE_SIGN_IDENTITY[sdk=iphoneos*]" = "iPhone Developer";
				COPY_PHASE_STRIP = NO;
				DEBUG_INFORMATION_FORMAT = "dwarf-with-dsym";
				ENABLE_NS_ASSERTIONS = NO;
				ENABLE_STRICT_OBJC_MSGSEND = YES;
				GCC_C_LANGUAGE_STANDARD = gnu99;
				GCC_NO_COMMON_BLOCKS = YES;
				GCC_WARN_64_TO_32_BIT_CONVERSION = YES;
				GCC_WARN_ABOUT_RETURN_TYPE = YES_ERROR;
				GCC_WARN_UNDECLARED_SELECTOR = YES;
				GCC_WARN_UNINITIALIZED_AUTOS = YES_AGGRESSIVE;
				GCC_WARN_UNUSED_FUNCTION = YES;
				GCC_WARN_UNUSED_VARIABLE = YES;
				IPHONEOS_DEPLOYMENT_TARGET = 9.3;
				MTL_ENABLE_DEBUG_INFO = NO;
				SDKROOT = iphoneos;
				VALIDATE_PRODUCT = YES;
			};
			name = Release;
		};
		5859B0D41D1A8F33008ED422 /* Debug */ = {
			isa = XCBuildConfiguration;
			buildSettings = {
				ASSETCATALOG_COMPILER_APPICON_NAME = AppIcon;
				GCC_PREFIX_HEADER = GLNavigationArchitectureSetDemo/PrefixHeader.pch;
				INFOPLIST_FILE = GLNavigationArchitectureSetDemo/Info.plist;
				LD_RUNPATH_SEARCH_PATHS = "$(inherited) @executable_path/Frameworks";
				PRODUCT_BUNDLE_IDENTIFIER = "https---github.com-GarfieldLover.GLNavigationArchitectureSet";
				PRODUCT_NAME = "$(TARGET_NAME)";
			};
			name = Debug;
		};
		5859B0D51D1A8F33008ED422 /* Release */ = {
			isa = XCBuildConfiguration;
			buildSettings = {
				ASSETCATALOG_COMPILER_APPICON_NAME = AppIcon;
				GCC_PREFIX_HEADER = GLNavigationArchitectureSetDemo/PrefixHeader.pch;
				INFOPLIST_FILE = GLNavigationArchitectureSetDemo/Info.plist;
				LD_RUNPATH_SEARCH_PATHS = "$(inherited) @executable_path/Frameworks";
				PRODUCT_BUNDLE_IDENTIFIER = "https---github.com-GarfieldLover.GLNavigationArchitectureSet";
				PRODUCT_NAME = "$(TARGET_NAME)";
			};
			name = Release;
		};
/* End XCBuildConfiguration section */

/* Begin XCConfigurationList section */
		5859B0B71D1A8F33008ED422 /* Build configuration list for PBXProject "GLNavigationArchitectureSet" */ = {
			isa = XCConfigurationList;
			buildConfigurations = (
				5859B0D11D1A8F33008ED422 /* Debug */,
				5859B0D21D1A8F33008ED422 /* Release */,
			);
			defaultConfigurationIsVisible = 0;
			defaultConfigurationName = Release;
		};
		5859B0D31D1A8F33008ED422 /* Build configuration list for PBXNativeTarget "GLNavigationArchitectureSet" */ = {
			isa = XCConfigurationList;
			buildConfigurations = (
				5859B0D41D1A8F33008ED422 /* Debug */,
				5859B0D51D1A8F33008ED422 /* Release */,
			);
			defaultConfigurationIsVisible = 0;
			defaultConfigurationName = Release;
		};
/* End XCConfigurationList section */
	};
	rootObject = 5859B0B41D1A8F33008ED422 /* Project object */;
}
